// !$*UTF8*$!
{
	archiveVersion = 1;
	classes = {
	};
	objectVersion = 55;
	objects = {

/* Begin PBXBuildFile section */
		D308D643287C980600B38907 /* PopularCollectionViewCell.swift in Sources */ = {isa = PBXBuildFile; fileRef = D308D642287C980600B38907 /* PopularCollectionViewCell.swift */; };
		D308D645287C985600B38907 /* NowPlayingCollectionViewCell.swift in Sources */ = {isa = PBXBuildFile; fileRef = D308D644287C985600B38907 /* NowPlayingCollectionViewCell.swift */; };
		D308D647287C986E00B38907 /* UpcomingCollectionViewCell.swift in Sources */ = {isa = PBXBuildFile; fileRef = D308D646287C986E00B38907 /* UpcomingCollectionViewCell.swift */; };
		D31140F42881E7DF000A9FBE /* TMDB-Info.plist in Resources */ = {isa = PBXBuildFile; fileRef = D31140F32881E7DF000A9FBE /* TMDB-Info.plist */; };
		D31140F82881ECD9000A9FBE /* Movie+API.swift in Sources */ = {isa = PBXBuildFile; fileRef = D31140F72881ECD9000A9FBE /* Movie+API.swift */; };
		D34A4D7D287DEE4C0048015E /* Movie.swift in Sources */ = {isa = PBXBuildFile; fileRef = D34A4D7C287DEE4C0048015E /* Movie.swift */; };
		D34A4D83287DF54C0048015E /* Movie+NowPlaying.swift in Sources */ = {isa = PBXBuildFile; fileRef = D34A4D7E287DF54C0048015E /* Movie+NowPlaying.swift */; };
		D34A4D84287DF54C0048015E /* Movie+TrendingToday.swift in Sources */ = {isa = PBXBuildFile; fileRef = D34A4D7F287DF54C0048015E /* Movie+TrendingToday.swift */; };
		D34A4D85287DF54C0048015E /* Movie+Popular.swift in Sources */ = {isa = PBXBuildFile; fileRef = D34A4D80287DF54C0048015E /* Movie+Popular.swift */; };
		D34A4D86287DF54C0048015E /* Movie+TrendingThisWeek.swift in Sources */ = {isa = PBXBuildFile; fileRef = D34A4D81287DF54C0048015E /* Movie+TrendingThisWeek.swift */; };
		D34A4D87287DF54C0048015E /* Movie+Upcoming.swift in Sources */ = {isa = PBXBuildFile; fileRef = D34A4D82287DF54C0048015E /* Movie+Upcoming.swift */; };
		D34A4D89287E145C0048015E /* FeaturedViewController+UICollectionViewDataSource.swift in Sources */ = {isa = PBXBuildFile; fileRef = D34A4D88287E145C0048015E /* FeaturedViewController+UICollectionViewDataSource.swift */; };
		D352A372287F3F0900B801A8 /* DetailsViewController.swift in Sources */ = {isa = PBXBuildFile; fileRef = D352A371287F3F0900B801A8 /* DetailsViewController.swift */; };
		D352A374287F47E700B801A8 /* FeaturedViewController+UICollectionViewDelegate.swift in Sources */ = {isa = PBXBuildFile; fileRef = D352A373287F47E700B801A8 /* FeaturedViewController+UICollectionViewDelegate.swift */; };
		D39F2F8C2874AF41005957D8 /* AppDelegate.swift in Sources */ = {isa = PBXBuildFile; fileRef = D39F2F8B2874AF41005957D8 /* AppDelegate.swift */; };
		D39F2F8E2874AF41005957D8 /* SceneDelegate.swift in Sources */ = {isa = PBXBuildFile; fileRef = D39F2F8D2874AF41005957D8 /* SceneDelegate.swift */; };
		D39F2F902874AF41005957D8 /* FeaturedViewController.swift in Sources */ = {isa = PBXBuildFile; fileRef = D39F2F8F2874AF41005957D8 /* FeaturedViewController.swift */; };
		D39F2F932874AF41005957D8 /* Main.storyboard in Resources */ = {isa = PBXBuildFile; fileRef = D39F2F912874AF41005957D8 /* Main.storyboard */; };
		D39F2F952874AF43005957D8 /* Assets.xcassets in Resources */ = {isa = PBXBuildFile; fileRef = D39F2F942874AF43005957D8 /* Assets.xcassets */; };
		D39F2F982874AF43005957D8 /* LaunchScreen.storyboard in Resources */ = {isa = PBXBuildFile; fileRef = D39F2F962874AF43005957D8 /* LaunchScreen.storyboard */; };
/* End PBXBuildFile section */

/* Begin PBXFileReference section */
		D308D642287C980600B38907 /* PopularCollectionViewCell.swift */ = {isa = PBXFileReference; lastKnownFileType = sourcecode.swift; path = PopularCollectionViewCell.swift; sourceTree = "<group>"; };
		D308D644287C985600B38907 /* NowPlayingCollectionViewCell.swift */ = {isa = PBXFileReference; lastKnownFileType = sourcecode.swift; path = NowPlayingCollectionViewCell.swift; sourceTree = "<group>"; };
		D308D646287C986E00B38907 /* UpcomingCollectionViewCell.swift */ = {isa = PBXFileReference; lastKnownFileType = sourcecode.swift; path = UpcomingCollectionViewCell.swift; sourceTree = "<group>"; };
		D31140F32881E7DF000A9FBE /* TMDB-Info.plist */ = {isa = PBXFileReference; lastKnownFileType = text.plist.xml; path = "TMDB-Info.plist"; sourceTree = "<group>"; };
		D31140F72881ECD9000A9FBE /* Movie+API.swift */ = {isa = PBXFileReference; fileEncoding = 4; lastKnownFileType = sourcecode.swift; name = "Movie+API.swift"; path = "../../../../../Downloads/Movie+API.swift"; sourceTree = "<group>"; };
		D34A4D7C287DEE4C0048015E /* Movie.swift */ = {isa = PBXFileReference; lastKnownFileType = sourcecode.swift; path = Movie.swift; sourceTree = "<group>"; };
		D34A4D7E287DF54C0048015E /* Movie+NowPlaying.swift */ = {isa = PBXFileReference; fileEncoding = 4; lastKnownFileType = sourcecode.swift; path = "Movie+NowPlaying.swift"; sourceTree = "<group>"; };
		D34A4D7F287DF54C0048015E /* Movie+TrendingToday.swift */ = {isa = PBXFileReference; fileEncoding = 4; lastKnownFileType = sourcecode.swift; path = "Movie+TrendingToday.swift"; sourceTree = "<group>"; };
		D34A4D80287DF54C0048015E /* Movie+Popular.swift */ = {isa = PBXFileReference; fileEncoding = 4; lastKnownFileType = sourcecode.swift; path = "Movie+Popular.swift"; sourceTree = "<group>"; };
		D34A4D81287DF54C0048015E /* Movie+TrendingThisWeek.swift */ = {isa = PBXFileReference; fileEncoding = 4; lastKnownFileType = sourcecode.swift; path = "Movie+TrendingThisWeek.swift"; sourceTree = "<group>"; };
		D34A4D82287DF54C0048015E /* Movie+Upcoming.swift */ = {isa = PBXFileReference; fileEncoding = 4; lastKnownFileType = sourcecode.swift; path = "Movie+Upcoming.swift"; sourceTree = "<group>"; };
		D34A4D88287E145C0048015E /* FeaturedViewController+UICollectionViewDataSource.swift */ = {isa = PBXFileReference; lastKnownFileType = sourcecode.swift; path = "FeaturedViewController+UICollectionViewDataSource.swift"; sourceTree = "<group>"; };
		D352A371287F3F0900B801A8 /* DetailsViewController.swift */ = {isa = PBXFileReference; lastKnownFileType = sourcecode.swift; path = DetailsViewController.swift; sourceTree = "<group>"; };
		D352A373287F47E700B801A8 /* FeaturedViewController+UICollectionViewDelegate.swift */ = {isa = PBXFileReference; lastKnownFileType = sourcecode.swift; path = "FeaturedViewController+UICollectionViewDelegate.swift"; sourceTree = "<group>"; };
		D39F2F882874AF41005957D8 /* Popping Films.app */ = {isa = PBXFileReference; explicitFileType = wrapper.application; includeInIndex = 0; path = "Popping Films.app"; sourceTree = BUILT_PRODUCTS_DIR; };
		D39F2F8B2874AF41005957D8 /* AppDelegate.swift */ = {isa = PBXFileReference; lastKnownFileType = sourcecode.swift; path = AppDelegate.swift; sourceTree = "<group>"; };
		D39F2F8D2874AF41005957D8 /* SceneDelegate.swift */ = {isa = PBXFileReference; lastKnownFileType = sourcecode.swift; path = SceneDelegate.swift; sourceTree = "<group>"; };
		D39F2F8F2874AF41005957D8 /* FeaturedViewController.swift */ = {isa = PBXFileReference; lastKnownFileType = sourcecode.swift; path = FeaturedViewController.swift; sourceTree = "<group>"; };
		D39F2F922874AF41005957D8 /* Base */ = {isa = PBXFileReference; lastKnownFileType = file.storyboard; name = Base; path = Base.lproj/Main.storyboard; sourceTree = "<group>"; };
		D39F2F942874AF43005957D8 /* Assets.xcassets */ = {isa = PBXFileReference; lastKnownFileType = folder.assetcatalog; path = Assets.xcassets; sourceTree = "<group>"; };
		D39F2F972874AF43005957D8 /* Base */ = {isa = PBXFileReference; lastKnownFileType = file.storyboard; name = Base; path = Base.lproj/LaunchScreen.storyboard; sourceTree = "<group>"; };
		D39F2F992874AF43005957D8 /* Info.plist */ = {isa = PBXFileReference; lastKnownFileType = text.plist.xml; path = Info.plist; sourceTree = "<group>"; };
/* End PBXFileReference section */

/* Begin PBXFrameworksBuildPhase section */
		D39F2F852874AF41005957D8 /* Frameworks */ = {
			isa = PBXFrameworksBuildPhase;
			buildActionMask = 2147483647;
			files = (
			);
			runOnlyForDeploymentPostprocessing = 0;
		};
/* End PBXFrameworksBuildPhase section */

/* Begin PBXGroup section */
		D308D648287C992600B38907 /* Controllers */ = {
			isa = PBXGroup;
			children = (
				D39F2F8F2874AF41005957D8 /* FeaturedViewController.swift */,
				D34A4D88287E145C0048015E /* FeaturedViewController+UICollectionViewDataSource.swift */,
				D352A371287F3F0900B801A8 /* DetailsViewController.swift */,
				D352A373287F47E700B801A8 /* FeaturedViewController+UICollectionViewDelegate.swift */,
			);
			path = Controllers;
			sourceTree = "<group>";
		};
		D308D649287C9A1500B38907 /* View */ = {
			isa = PBXGroup;
			children = (
				D39F2F912874AF41005957D8 /* Main.storyboard */,
				D39F2F962874AF43005957D8 /* LaunchScreen.storyboard */,
				D308D642287C980600B38907 /* PopularCollectionViewCell.swift */,
				D308D644287C985600B38907 /* NowPlayingCollectionViewCell.swift */,
				D308D646287C986E00B38907 /* UpcomingCollectionViewCell.swift */,
			);
			path = View;
			sourceTree = "<group>";
		};
		D308D64A287C9E2800B38907 /* SuportingFiles */ = {
			isa = PBXGroup;
			children = (
				D39F2F942874AF43005957D8 /* Assets.xcassets */,
				D39F2F992874AF43005957D8 /* Info.plist */,
				D31140F32881E7DF000A9FBE /* TMDB-Info.plist */,
			);
			name = SuportingFiles;
			sourceTree = "<group>";
		};
		D34A4D7B287DEDFD0048015E /* Model */ = {
			isa = PBXGroup;
			children = (
				D34A4D7C287DEE4C0048015E /* Movie.swift */,
				D34A4D80287DF54C0048015E /* Movie+Popular.swift */,
				D34A4D7E287DF54C0048015E /* Movie+NowPlaying.swift */,
				D34A4D81287DF54C0048015E /* Movie+TrendingThisWeek.swift */,
				D34A4D82287DF54C0048015E /* Movie+Upcoming.swift */,
				D34A4D7F287DF54C0048015E /* Movie+TrendingToday.swift */,
				D31140F72881ECD9000A9FBE /* Movie+API.swift */,
			);
			path = Model;
			sourceTree = "<group>";
		};
		D39F2F7F2874AF41005957D8 = {
			isa = PBXGroup;
			children = (
				D39F2F8A2874AF41005957D8 /* Popping Films */,
				D39F2F892874AF41005957D8 /* Products */,
			);
			sourceTree = "<group>";
		};
		D39F2F892874AF41005957D8 /* Products */ = {
			isa = PBXGroup;
			children = (
				D39F2F882874AF41005957D8 /* Popping Films.app */,
			);
			name = Products;
			sourceTree = "<group>";
		};
		D39F2F8A2874AF41005957D8 /* Popping Films */ = {
			isa = PBXGroup;
			children = (
				D39F2F8B2874AF41005957D8 /* AppDelegate.swift */,
				D39F2F8D2874AF41005957D8 /* SceneDelegate.swift */,
				D34A4D7B287DEDFD0048015E /* Model */,
				D308D648287C992600B38907 /* Controllers */,
				D308D649287C9A1500B38907 /* View */,
				D308D64A287C9E2800B38907 /* SuportingFiles */,
			);
			path = "Popping Films";
			sourceTree = "<group>";
		};
/* End PBXGroup section */

/* Begin PBXNativeTarget section */
		D39F2F872874AF41005957D8 /* Popping Films */ = {
			isa = PBXNativeTarget;
			buildConfigurationList = D39F2F9C2874AF43005957D8 /* Build configuration list for PBXNativeTarget "Popping Films" */;
			buildPhases = (
				D39F2F842874AF41005957D8 /* Sources */,
				D39F2F852874AF41005957D8 /* Frameworks */,
				D39F2F862874AF41005957D8 /* Resources */,
			);
			buildRules = (
			);
			dependencies = (
			);
			name = "Popping Films";
			productName = "Popping Films";
			productReference = D39F2F882874AF41005957D8 /* Popping Films.app */;
			productType = "com.apple.product-type.application";
		};
/* End PBXNativeTarget section */

/* Begin PBXProject section */
		D39F2F802874AF41005957D8 /* Project object */ = {
			isa = PBXProject;
			attributes = {
				BuildIndependentTargetsInParallel = 1;
				LastSwiftUpdateCheck = 1340;
				LastUpgradeCheck = 1340;
				TargetAttributes = {
					D39F2F872874AF41005957D8 = {
						CreatedOnToolsVersion = 13.4;
					};
				};
			};
			buildConfigurationList = D39F2F832874AF41005957D8 /* Build configuration list for PBXProject "Popping Films" */;
			compatibilityVersion = "Xcode 13.0";
			developmentRegion = en;
			hasScannedForEncodings = 0;
			knownRegions = (
				en,
				Base,
			);
			mainGroup = D39F2F7F2874AF41005957D8;
			productRefGroup = D39F2F892874AF41005957D8 /* Products */;
			projectDirPath = "";
			projectRoot = "";
			targets = (
				D39F2F872874AF41005957D8 /* Popping Films */,
			);
		};
/* End PBXProject section */

/* Begin PBXResourcesBuildPhase section */
		D39F2F862874AF41005957D8 /* Resources */ = {
			isa = PBXResourcesBuildPhase;
			buildActionMask = 2147483647;
			files = (
				D39F2F982874AF43005957D8 /* LaunchScreen.storyboard in Resources */,
				D31140F42881E7DF000A9FBE /* TMDB-Info.plist in Resources */,
				D39F2F952874AF43005957D8 /* Assets.xcassets in Resources */,
				D39F2F932874AF41005957D8 /* Main.storyboard in Resources */,
			);
			runOnlyForDeploymentPostprocessing = 0;
		};
/* End PBXResourcesBuildPhase section */

/* Begin PBXSourcesBuildPhase section */
		D39F2F842874AF41005957D8 /* Sources */ = {
			isa = PBXSourcesBuildPhase;
			buildActionMask = 2147483647;
			files = (
				D34A4D7D287DEE4C0048015E /* Movie.swift in Sources */,
				D34A4D86287DF54C0048015E /* Movie+TrendingThisWeek.swift in Sources */,
				D308D647287C986E00B38907 /* UpcomingCollectionViewCell.swift in Sources */,
				D308D645287C985600B38907 /* NowPlayingCollectionViewCell.swift in Sources */,
				D34A4D89287E145C0048015E /* FeaturedViewController+UICollectionViewDataSource.swift in Sources */,
				D34A4D87287DF54C0048015E /* Movie+Upcoming.swift in Sources */,
				D308D643287C980600B38907 /* PopularCollectionViewCell.swift in Sources */,
				D34A4D83287DF54C0048015E /* Movie+NowPlaying.swift in Sources */,
				D39F2F902874AF41005957D8 /* FeaturedViewController.swift in Sources */,
				D34A4D85287DF54C0048015E /* Movie+Popular.swift in Sources */,
				D34A4D84287DF54C0048015E /* Movie+TrendingToday.swift in Sources */,
				D352A374287F47E700B801A8 /* FeaturedViewController+UICollectionViewDelegate.swift in Sources */,
				D352A372287F3F0900B801A8 /* DetailsViewController.swift in Sources */,
				D39F2F8C2874AF41005957D8 /* AppDelegate.swift in Sources */,
				D39F2F8E2874AF41005957D8 /* SceneDelegate.swift in Sources */,
				D31140F82881ECD9000A9FBE /* Movie+API.swift in Sources */,
			);
			runOnlyForDeploymentPostprocessing = 0;
		};
/* End PBXSourcesBuildPhase section */

/* Begin PBXVariantGroup section */
		D39F2F912874AF41005957D8 /* Main.storyboard */ = {
			isa = PBXVariantGroup;
			children = (
				D39F2F922874AF41005957D8 /* Base */,
			);
			name = Main.storyboard;
			sourceTree = "<group>";
		};
		D39F2F962874AF43005957D8 /* LaunchScreen.storyboard */ = {
			isa = PBXVariantGroup;
			children = (
				D39F2F972874AF43005957D8 /* Base */,
			);
			name = LaunchScreen.storyboard;
			sourceTree = "<group>";
		};
/* End PBXVariantGroup section */

/* Begin XCBuildConfiguration section */
		D39F2F9A2874AF43005957D8 /* Debug */ = {
			isa = XCBuildConfiguration;
			buildSettings = {
				ALWAYS_SEARCH_USER_PATHS = NO;
				CLANG_ANALYZER_NONNULL = YES;
				CLANG_ANALYZER_NUMBER_OBJECT_CONVERSION = YES_AGGRESSIVE;
				CLANG_CXX_LANGUAGE_STANDARD = "gnu++17";
				CLANG_ENABLE_MODULES = YES;
				CLANG_ENABLE_OBJC_ARC = YES;
				CLANG_ENABLE_OBJC_WEAK = YES;
				CLANG_WARN_BLOCK_CAPTURE_AUTORELEASING = YES;
				CLANG_WARN_BOOL_CONVERSION = YES;
				CLANG_WARN_COMMA = YES;
				CLANG_WARN_CONSTANT_CONVERSION = YES;
				CLANG_WARN_DEPRECATED_OBJC_IMPLEMENTATIONS = YES;
				CLANG_WARN_DIRECT_OBJC_ISA_USAGE = YES_ERROR;
				CLANG_WARN_DOCUMENTATION_COMMENTS = YES;
				CLANG_WARN_EMPTY_BODY = YES;
				CLANG_WARN_ENUM_CONVERSION = YES;
				CLANG_WARN_INFINITE_RECURSION = YES;
				CLANG_WARN_INT_CONVERSION = YES;
				CLANG_WARN_NON_LITERAL_NULL_CONVERSION = YES;
				CLANG_WARN_OBJC_IMPLICIT_RETAIN_SELF = YES;
				CLANG_WARN_OBJC_LITERAL_CONVERSION = YES;
				CLANG_WARN_OBJC_ROOT_CLASS = YES_ERROR;
				CLANG_WARN_QUOTED_INCLUDE_IN_FRAMEWORK_HEADER = YES;
				CLANG_WARN_RANGE_LOOP_ANALYSIS = YES;
				CLANG_WARN_STRICT_PROTOTYPES = YES;
				CLANG_WARN_SUSPICIOUS_MOVE = YES;
				CLANG_WARN_UNGUARDED_AVAILABILITY = YES_AGGRESSIVE;
				CLANG_WARN_UNREACHABLE_CODE = YES;
				CLANG_WARN__DUPLICATE_METHOD_MATCH = YES;
				COPY_PHASE_STRIP = NO;
				DEBUG_INFORMATION_FORMAT = dwarf;
				ENABLE_STRICT_OBJC_MSGSEND = YES;
				ENABLE_TESTABILITY = YES;
				GCC_C_LANGUAGE_STANDARD = gnu11;
				GCC_DYNAMIC_NO_PIC = NO;
				GCC_NO_COMMON_BLOCKS = YES;
				GCC_OPTIMIZATION_LEVEL = 0;
				GCC_PREPROCESSOR_DEFINITIONS = (
					"DEBUG=1",
					"$(inherited)",
				);
				GCC_WARN_64_TO_32_BIT_CONVERSION = YES;
				GCC_WARN_ABOUT_RETURN_TYPE = YES_ERROR;
				GCC_WARN_UNDECLARED_SELECTOR = YES;
				GCC_WARN_UNINITIALIZED_AUTOS = YES_AGGRESSIVE;
				GCC_WARN_UNUSED_FUNCTION = YES;
				GCC_WARN_UNUSED_VARIABLE = YES;
				IPHONEOS_DEPLOYMENT_TARGET = 15.5;
				MTL_ENABLE_DEBUG_INFO = INCLUDE_SOURCE;
				MTL_FAST_MATH = YES;
				ONLY_ACTIVE_ARCH = YES;
				SDKROOT = iphoneos;
				SWIFT_ACTIVE_COMPILATION_CONDITIONS = DEBUG;
				SWIFT_OPTIMIZATION_LEVEL = "-Onone";
			};
			name = Debug;
		};
		D39F2F9B2874AF43005957D8 /* Release */ = {
			isa = XCBuildConfiguration;
			buildSettings = {
				ALWAYS_SEARCH_USER_PATHS = NO;
				CLANG_ANALYZER_NONNULL = YES;
				CLANG_ANALYZER_NUMBER_OBJECT_CONVERSION = YES_AGGRESSIVE;
				CLANG_CXX_LANGUAGE_STANDARD = "gnu++17";
				CLANG_ENABLE_MODULES = YES;
				CLANG_ENABLE_OBJC_ARC = YES;
				CLANG_ENABLE_OBJC_WEAK = YES;
				CLANG_WARN_BLOCK_CAPTURE_AUTORELEASING = YES;
				CLANG_WARN_BOOL_CONVERSION = YES;
				CLANG_WARN_COMMA = YES;
				CLANG_WARN_CONSTANT_CONVERSION = YES;
				CLANG_WARN_DEPRECATED_OBJC_IMPLEMENTATIONS = YES;
				CLANG_WARN_DIRECT_OBJC_ISA_USAGE = YES_ERROR;
				CLANG_WARN_DOCUMENTATION_COMMENTS = YES;
				CLANG_WARN_EMPTY_BODY = YES;
				CLANG_WARN_ENUM_CONVERSION = YES;
				CLANG_WARN_INFINITE_RECURSION = YES;
				CLANG_WARN_INT_CONVERSION = YES;
				CLANG_WARN_NON_LITERAL_NULL_CONVERSION = YES;
				CLANG_WARN_OBJC_IMPLICIT_RETAIN_SELF = YES;
				CLANG_WARN_OBJC_LITERAL_CONVERSION = YES;
				CLANG_WARN_OBJC_ROOT_CLASS = YES_ERROR;
				CLANG_WARN_QUOTED_INCLUDE_IN_FRAMEWORK_HEADER = YES;
				CLANG_WARN_RANGE_LOOP_ANALYSIS = YES;
				CLANG_WARN_STRICT_PROTOTYPES = YES;
				CLANG_WARN_SUSPICIOUS_MOVE = YES;
				CLANG_WARN_UNGUARDED_AVAILABILITY = YES_AGGRESSIVE;
				CLANG_WARN_UNREACHABLE_CODE = YES;
				CLANG_WARN__DUPLICATE_METHOD_MATCH = YES;
				COPY_PHASE_STRIP = NO;
				DEBUG_INFORMATION_FORMAT = "dwarf-with-dsym";
				ENABLE_NS_ASSERTIONS = NO;
				ENABLE_STRICT_OBJC_MSGSEND = YES;
				GCC_C_LANGUAGE_STANDARD = gnu11;
				GCC_NO_COMMON_BLOCKS = YES;
				GCC_WARN_64_TO_32_BIT_CONVERSION = YES;
				GCC_WARN_ABOUT_RETURN_TYPE = YES_ERROR;
				GCC_WARN_UNDECLARED_SELECTOR = YES;
				GCC_WARN_UNINITIALIZED_AUTOS = YES_AGGRESSIVE;
				GCC_WARN_UNUSED_FUNCTION = YES;
				GCC_WARN_UNUSED_VARIABLE = YES;
				IPHONEOS_DEPLOYMENT_TARGET = 15.5;
				MTL_ENABLE_DEBUG_INFO = NO;
				MTL_FAST_MATH = YES;
				SDKROOT = iphoneos;
				SWIFT_COMPILATION_MODE = wholemodule;
				SWIFT_OPTIMIZATION_LEVEL = "-O";
				VALIDATE_PRODUCT = YES;
			};
			name = Release;
		};
		D39F2F9D2874AF43005957D8 /* Debug */ = {
			isa = XCBuildConfiguration;
			buildSettings = {
				ASSETCATALOG_COMPILER_APPICON_NAME = AppIcon;
				ASSETCATALOG_COMPILER_GLOBAL_ACCENT_COLOR_NAME = AccentColor;
				CODE_SIGN_STYLE = Automatic;
				CURRENT_PROJECT_VERSION = 1;
				DEVELOPMENT_TEAM = B6XWN7H84M;
				GENERATE_INFOPLIST_FILE = YES;
				INFOPLIST_FILE = "Popping Films/Info.plist";
				INFOPLIST_KEY_UIApplicationSupportsIndirectInputEvents = YES;
				INFOPLIST_KEY_UILaunchStoryboardName = LaunchScreen;
				INFOPLIST_KEY_UIMainStoryboardFile = Main;
				INFOPLIST_KEY_UISupportedInterfaceOrientations = UIInterfaceOrientationPortrait;
				INFOPLIST_KEY_UISupportedInterfaceOrientations_iPad = "UIInterfaceOrientationPortrait UIInterfaceOrientationPortraitUpsideDown UIInterfaceOrientationLandscapeLeft UIInterfaceOrientationLandscapeRight";
				INFOPLIST_KEY_UISupportedInterfaceOrientations_iPhone = "UIInterfaceOrientationPortrait UIInterfaceOrientationLandscapeLeft UIInterfaceOrientationLandscapeRight";
				LD_RUNPATH_SEARCH_PATHS = (
					"$(inherited)",
					"@executable_path/Frameworks",
				);
				MARKETING_VERSION = 1.0;
				PRODUCT_BUNDLE_IDENTIFIER = "br.ufpe.cin.academy-rsbj.Popping-Films";
				PRODUCT_NAME = "$(TARGET_NAME)";
				SWIFT_EMIT_LOC_STRINGS = YES;
				SWIFT_VERSION = 5.0;
				TARGETED_DEVICE_FAMILY = 1;
			};
			name = Debug;
		};
		D39F2F9E2874AF43005957D8 /* Release */ = {
			isa = XCBuildConfiguration;
			buildSettings = {
				ASSETCATALOG_COMPILER_APPICON_NAME = AppIcon;
				ASSETCATALOG_COMPILER_GLOBAL_ACCENT_COLOR_NAME = AccentColor;
				CODE_SIGN_STYLE = Automatic;
				CURRENT_PROJECT_VERSION = 1;
				DEVELOPMENT_TEAM = B6XWN7H84M;
				GENERATE_INFOPLIST_FILE = YES;
				INFOPLIST_FILE = "Popping Films/Info.plist";
				INFOPLIST_KEY_UIApplicationSupportsIndirectInputEvents = YES;
				INFOPLIST_KEY_UILaunchStoryboardName = LaunchScreen;
				INFOPLIST_KEY_UIMainStoryboardFile = Main;
				INFOPLIST_KEY_UISupportedInterfaceOrientations = UIInterfaceOrientationPortrait;
				INFOPLIST_KEY_UISupportedInterfaceOrientations_iPad = "UIInterfaceOrientationPortrait UIInterfaceOrientationPortraitUpsideDown UIInterfaceOrientationLandscapeLeft UIInterfaceOrientationLandscapeRight";
				INFOPLIST_KEY_UISupportedInterfaceOrientations_iPhone = "UIInterfaceOrientationPortrait UIInterfaceOrientationLandscapeLeft UIInterfaceOrientationLandscapeRight";
				LD_RUNPATH_SEARCH_PATHS = (
					"$(inherited)",
					"@executable_path/Frameworks",
				);
				MARKETING_VERSION = 1.0;
				PRODUCT_BUNDLE_IDENTIFIER = "br.ufpe.cin.academy-rsbj.Popping-Films";
				PRODUCT_NAME = "$(TARGET_NAME)";
				SWIFT_EMIT_LOC_STRINGS = YES;
				SWIFT_VERSION = 5.0;
				TARGETED_DEVICE_FAMILY = 1;
			};
			name = Release;
		};
/* End XCBuildConfiguration section */

/* Begin XCConfigurationList section */
		D39F2F832874AF41005957D8 /* Build configuration list for PBXProject "Popping Films" */ = {
			isa = XCConfigurationList;
			buildConfigurations = (
				D39F2F9A2874AF43005957D8 /* Debug */,
				D39F2F9B2874AF43005957D8 /* Release */,
			);
			defaultConfigurationIsVisible = 0;
			defaultConfigurationName = Release;
		};
		D39F2F9C2874AF43005957D8 /* Build configuration list for PBXNativeTarget "Popping Films" */ = {
			isa = XCConfigurationList;
			buildConfigurations = (
				D39F2F9D2874AF43005957D8 /* Debug */,
				D39F2F9E2874AF43005957D8 /* Release */,
			);
			defaultConfigurationIsVisible = 0;
			defaultConfigurationName = Release;
		};
/* End XCConfigurationList section */
	};
	rootObject = D39F2F802874AF41005957D8 /* Project object */;
}
